version = 1

[[bindings]]
doc = "docs/frontmatter-standard.md"
target = "parkour_mcp/markdown.py#FMEntries"
sig = "da712235e9cedc39"

[[bindings]]
doc = "docs/frontmatter-standard.md"
target = "parkour_mcp/markdown.py#_append_frontmatter_entry"
sig = "3af3d01888876553"

[[bindings]]
doc = "docs/frontmatter-standard.md"
target = "parkour_mcp/markdown.py#_build_frontmatter"
sig = "9994f6a5c7d60e00"

[[bindings]]
doc = "docs/frontmatter-standard.md"
target = "parkour_mcp/markdown.py#_fence_content"
sig = "38850cf37525c084"
