docs/frontmatter-standard.md -> parkour_mcp/markdown.py#FMEntries sig:4dc7e22de38a00f1
docs/frontmatter-standard.md -> parkour_mcp/markdown.py#_append_frontmatter_entry sig:7076cdace4b288b3
docs/frontmatter-standard.md -> parkour_mcp/markdown.py#_build_frontmatter sig:6c54ea5f293ef454
docs/frontmatter-standard.md -> parkour_mcp/markdown.py#_fence_content sig:2c6bdff56a35adef
